<?xml version="1.0" encoding="utf-8"?>
<Project ToolsVersion="4.0" xmlns="http://schemas.microsoft.com/developer/msbuild/2003">
  <ItemGroup>
    <Filter Include="소스 파일">
      <UniqueIdentifier>{4FC737F1-C7A5-4376-A066-2A32D752A2FF}</UniqueIdentifier>
      <Extensions>cpp;c;cc;cxx;c++;cppm;ixx;def;odl;idl;hpj;bat;asm;asmx</Extensions>
    </Filter>
    <Filter Include="헤더 파일">
      <UniqueIdentifier>{93995380-89BD-4b04-88EB-625FBE52EBFB}</UniqueIdentifier>
      <Extensions>h;hh;hpp;hxx;h++;hm;inl;inc;ipp;xsd</Extensions>
    </Filter>
    <Filter Include="리소스 파일">
      <UniqueIdentifier>{67DA6AB6-F800-4c08-8B7A-83BB121AAD01}</UniqueIdentifier>
      <Extensions>rc;ico;cur;bmp;dlg;rc2;rct;bin;rgs;gif;jpg;jpeg;jpe;resx;tiff;tif;png;wav;mfcribbon-ms</Extensions>
    </Filter>
    <Filter Include="소스 파일\Manager">
      <UniqueIdentifier>{6456bdf6-76c7-4ae6-81ce-bec7b267795c}</UniqueIdentifier>
    </Filter>
    <Filter Include="소스 파일\Manager\GameManager">
      <UniqueIdentifier>{63255dd3-1cd6-4b85-b4fd-fcf3d9016559}</UniqueIdentifier>
    </Filter>
    <Filter Include="소스 파일\Manager\InputManager">
      <UniqueIdentifier>{c5961533-9c87-4c41-b356-3ddf80ae6e85}</UniqueIdentifier>
    </Filter>
    <Filter Include="소스 파일\Camera">
      <UniqueIdentifier>{98aa227b-100a-4a0f-9315-365e00141c93}</UniqueIdentifier>
    </Filter>
    <Filter Include="소스 파일\Manager\SoundManager">
      <UniqueIdentifier>{7d4d3922-a27d-4e4f-85cc-3213b12d0ed4}</UniqueIdentifier>
    </Filter>
    <Filter Include="소스 파일\Network">
      <UniqueIdentifier>{4fa76557-ad8a-47e4-83f3-00057b75e736}</UniqueIdentifier>
    </Filter>
    <Filter Include="소스 파일\Network\lib">
      <UniqueIdentifier>{3863088c-c60e-42a1-82e4-88e8376d1840}</UniqueIdentifier>
    </Filter>
    <Filter Include="소스 파일\Manager\ObjectManager">
      <UniqueIdentifier>{a801726f-61a3-4a59-817c-f1acebc14c84}</UniqueIdentifier>
    </Filter>
    <Filter Include="소스 파일\Object">
      <UniqueIdentifier>{c2896fef-9423-4fb4-9560-0d90fe3b9280}</UniqueIdentifier>
    </Filter>
    <Filter Include="헤더 파일\Define.h">
      <UniqueIdentifier>{ed28adab-9bb8-4d80-abde-b91e502ce1e4}</UniqueIdentifier>
    </Filter>
    <Filter Include="소스 파일\Manager\ImageManager">
      <UniqueIdentifier>{d0d0e8d3-e1dd-41dd-a278-92a7200e607e}</UniqueIdentifier>
    </Filter>
    <Filter Include="소스 파일\Manager\TextManager">
      <UniqueIdentifier>{2f01e13e-fc8d-4329-9543-8cf9b81cf9c7}</UniqueIdentifier>
    </Filter>
  </ItemGroup>
  <ItemGroup>
    <ClCompile Include="main.cpp">
      <Filter>소스 파일</Filter>
    </ClCompile>
    <ClCompile Include="GameManager.cpp">
      <Filter>소스 파일\Manager\GameManager</Filter>
    </ClCompile>
    <ClCompile Include="InputManager.cpp">
      <Filter>소스 파일\Manager\InputManager</Filter>
    </ClCompile>
    <ClCompile Include="Camera.cpp">
      <Filter>소스 파일\Camera</Filter>
    </ClCompile>
    <ClCompile Include="SoundManager.cpp">
      <Filter>소스 파일\Manager\SoundManager</Filter>
    </ClCompile>
    <ClCompile Include="..\..\..\..\Desktop\Common\NetClient.cpp">
      <Filter>소스 파일\Network\lib</Filter>
    </ClCompile>
    <ClCompile Include="..\..\..\..\Desktop\Common\NetServerSerializeBuffer.cpp">
      <Filter>소스 파일\Network\lib</Filter>
    </ClCompile>
    <ClCompile Include="..\..\..\..\Desktop\Common\Parse.cpp">
      <Filter>소스 파일\Network\lib</Filter>
    </ClCompile>
    <ClCompile Include="..\..\..\..\Desktop\Common\PreCompile.cpp">
      <Filter>소스 파일\Network\lib</Filter>
    </ClCompile>
    <ClCompile Include="..\..\..\..\Desktop\Common\Ringbuffer.cpp">
      <Filter>소스 파일\Network\lib</Filter>
    </ClCompile>
    <ClCompile Include="GameClient.cpp">
      <Filter>소스 파일\Network</Filter>
    </ClCompile>
    <ClCompile Include="..\..\..\..\Desktop\Common\Log.cpp">
      <Filter>소스 파일\Network\lib</Filter>
    </ClCompile>
    <ClCompile Include="ObjectManager.cpp">
      <Filter>소스 파일\Manager\ObjectManager</Filter>
    </ClCompile>
    <ClCompile Include="Object.cpp">
      <Filter>소스 파일\Object</Filter>
    </ClCompile>
    <ClCompile Include="PacketManager.cpp">
      <Filter>소스 파일\Manager\ObjectManager</Filter>
    </ClCompile>
    <ClCompile Include="ImageManager.cpp">
      <Filter>소스 파일\Manager\ImageManager</Filter>
    </ClCompile>
    <ClCompile Include="TextManager.cpp">
      <Filter>소스 파일\Manager\TextManager</Filter>
    </ClCompile>
  </ItemGroup>
  <ItemGroup>
    <ClInclude Include="Define.h">
      <Filter>헤더 파일\Define.h</Filter>
    </ClInclude>
    <ClInclude Include="GameManager.h">
      <Filter>소스 파일\Manager\GameManager</Filter>
    </ClInclude>
    <ClInclude Include="InputManager.h">
      <Filter>소스 파일\Manager\InputManager</Filter>
    </ClInclude>
    <ClInclude Include="Camera.h">
      <Filter>소스 파일\Camera</Filter>
    </ClInclude>
    <ClInclude Include="SoundManager.h">
      <Filter>소스 파일\Manager\SoundManager</Filter>
    </ClInclude>
    <ClInclude Include="GameClient.h">
      <Filter>소스 파일\Network</Filter>
    </ClInclude>
    <ClInclude Include="ObjectManager.h">
      <Filter>소스 파일\Manager\ObjectManager</Filter>
    </ClInclude>
    <ClInclude Include="Object.h">
      <Filter>소스 파일\Object</Filter>
    </ClInclude>
    <ClInclude Include="PacketManager.h">
      <Filter>소스 파일\Manager\ObjectManager</Filter>
    </ClInclude>
    <ClInclude Include="ImageManager.h">
      <Filter>소스 파일\Manager\ImageManager</Filter>
    </ClInclude>
    <ClInclude Include="TextManager.h">
      <Filter>소스 파일\Manager\TextManager</Filter>
    </ClInclude>
  </ItemGroup>
</Project>